
Microsoft Visual Studio Solution File, Format Version 12.00
# Visual Studio 15
VisualStudioVersion = 15.0.27703.2026
MinimumVisualStudioVersion = 10.0.40219.1
Project("{FAE04EC0-301F-11D3-BF4B-00C04F79EFBC}") = "IncidentEnrichment", "IncidentEnrichment\IncidentEnrichment.csproj", "{509B9E8B-57BD-4CDD-8661-DB09BA621911}"
EndProject
Global
	GlobalSection(SolutionConfigurationPlatforms) = preSolution
		Debug|Any CPU = Debug|Any CPU
		Release|Any CPU = Release|Any CPU
	EndGlobalSection
	GlobalSection(ProjectConfigurationPlatforms) = postSolution
		{509B9E8B-57BD-4CDD-8661-DB09BA621911}.Debug|Any CPU.ActiveCfg = Debug|Any CPU
		{509B9E8B-57BD-4CDD-8661-DB09BA621911}.Debug|Any CPU.Build.0 = Debug|Any CPU
		{509B9E8B-57BD-4CDD-8661-DB09BA621911}.Release|Any CPU.ActiveCfg = Release|Any CPU
		{509B9E8B-57BD-4CDD-8661-DB09BA621911}.Release|Any CPU.Build.0 = Release|Any CPU
	EndGlobalSection
	GlobalSection(SolutionProperties) = preSolution
		HideSolutionNode = FALSE
	EndGlobalSection
	GlobalSection(ExtensibilityGlobals) = postSolution
		SolutionGuid = {EA648B54-6E5F-4B14-8DD4-CB37FA598184}
	EndGlobalSection
EndGlobal
